
Microsoft Visual Studio Solution File, Format Version 12.00
# Visual Studio Version 16
VisualStudioVersion = 16.0.33214.272
MinimumVisualStudioVersion = 10.0.40219.1
Project("{9A19103F-16F7-4668-BE54-9A1E7A4F7556}") = "Gavin_Ostheimer_Book_App", "Gavin_Ostheimer_Book_App\Gavin_Ostheimer_Book_App.csproj", "{FED48D70-48C3-4014-BB64-D7B2C313B18C}"
EndProject
Global
	GlobalSection(SolutionConfigurationPlatforms) = preSolution
		Debug|Any CPU = Debug|Any CPU
		Release|Any CPU = Release|Any CPU
	EndGlobalSection
	GlobalSection(ProjectConfigurationPlatforms) = postSolution
		{FED48D70-48C3-4014-BB64-D7B2C313B18C}.Debug|Any CPU.ActiveCfg = Debug|Any CPU
		{FED48D70-48C3-4014-BB64-D7B2C313B18C}.Debug|Any CPU.Build.0 = Debug|Any CPU
		{FED48D70-48C3-4014-BB64-D7B2C313B18C}.Release|Any CPU.ActiveCfg = Release|Any CPU
		{FED48D70-48C3-4014-BB64-D7B2C313B18C}.Release|Any CPU.Build.0 = Release|Any CPU
	EndGlobalSection
	GlobalSection(SolutionProperties) = preSolution
		HideSolutionNode = FALSE
	EndGlobalSection
	GlobalSection(ExtensibilityGlobals) = postSolution
		SolutionGuid = {82187E92-7149-4AEF-A047-633FCE330E74}
	EndGlobalSection
EndGlobal
